
Microsoft Visual Studio Solution File, Format Version 12.00
# Visual Studio Version 17
VisualStudioVersion = 17.2.32616.157
MinimumVisualStudioVersion = 10.0.40219.1
Project("{FAE04EC0-301F-11D3-BF4B-00C04F79EFBC}") = "Contacts_XML", "Contacts_XML\Contacts_XML.csproj", "{764A4137-9542-41EB-84A3-2D2905D0B5EF}"
EndProject
Global
	GlobalSection(SolutionConfigurationPlatforms) = preSolution
		Debug|Any CPU = Debug|Any CPU
		Release|Any CPU = Release|Any CPU
	EndGlobalSection
	GlobalSection(ProjectConfigurationPlatforms) = postSolution
		{764A4137-9542-41EB-84A3-2D2905D0B5EF}.Debug|Any CPU.ActiveCfg = Debug|Any CPU
		{764A4137-9542-41EB-84A3-2D2905D0B5EF}.Debug|Any CPU.Build.0 = Debug|Any CPU
		{764A4137-9542-41EB-84A3-2D2905D0B5EF}.Release|Any CPU.ActiveCfg = Release|Any CPU
		{764A4137-9542-41EB-84A3-2D2905D0B5EF}.Release|Any CPU.Build.0 = Release|Any CPU
	EndGlobalSection
	GlobalSection(SolutionProperties) = preSolution
		HideSolutionNode = FALSE
	EndGlobalSection
	GlobalSection(ExtensibilityGlobals) = postSolution
		SolutionGuid = {3FA570E4-F850-4C64-A26F-04587950ACE0}
	EndGlobalSection
EndGlobal
